
Microsoft Visual Studio Solution File, Format Version 12.00
# Visual Studio 15
VisualStudioVersion = 15.0.28010.2026
MinimumVisualStudioVersion = 10.0.40219.1
Project("{FAE04EC0-301F-11D3-BF4B-00C04F79EFBC}") = "OperatorOverloadExercise", "OperatorOverloadExercise\OperatorOverloadExercise.csproj", "{CD73E319-3128-42B3-8319-C7A5116D236B}"
EndProject
Global
	GlobalSection(SolutionConfigurationPlatforms) = preSolution
		Debug|Any CPU = Debug|Any CPU
		Release|Any CPU = Release|Any CPU
	EndGlobalSection
	GlobalSection(ProjectConfigurationPlatforms) = postSolution
		{CD73E319-3128-42B3-8319-C7A5116D236B}.Debug|Any CPU.ActiveCfg = Debug|Any CPU
		{CD73E319-3128-42B3-8319-C7A5116D236B}.Debug|Any CPU.Build.0 = Debug|Any CPU
		{CD73E319-3128-42B3-8319-C7A5116D236B}.Release|Any CPU.ActiveCfg = Release|Any CPU
		{CD73E319-3128-42B3-8319-C7A5116D236B}.Release|Any CPU.Build.0 = Release|Any CPU
	EndGlobalSection
	GlobalSection(SolutionProperties) = preSolution
		HideSolutionNode = FALSE
	EndGlobalSection
	GlobalSection(ExtensibilityGlobals) = postSolution
		SolutionGuid = {C1184698-3113-4090-A9D5-05368A467465}
	EndGlobalSection
EndGlobal
